2fcd323109b2d7dfa33a8146983097da4c7fee7d2b42a4a8848cb1a95055cf0a  F01.json
1c801b63f1b05413967b5d9cdd7dd0254636eb92ea04985a8c8ad692d672e1cc  F02.json
48f6b996d86863c4a3822fb554235957a3b1229633948a29bc20a777af72e8cb  F03.json
b1489f815f129adcdeb1c201e6ca2991c4b9cd728d16b1a85bec47867de07f5d  F04.json
e3ef7816055dd167104bd9190513c4baa87ba2fde7c1916abfa5ebb20506de6c  F05.json
